
Microsoft Visual Studio Solution File, Format Version 12.00
# Visual Studio 14
VisualStudioVersion = 14.0.25420.1
MinimumVisualStudioVersion = 10.0.40219.1
Project("{2150E333-8FDC-42A3-9474-1A3956D46DE8}") = "src", "src", "{F8753B20-8BDD-44EA-AFC3-D6CBD93DB670}"
EndProject
Project("{2150E333-8FDC-42A3-9474-1A3956D46DE8}") = "Solution Items", "Solution Items", "{1A7A5FCB-B894-41D1-B97B-17DF55A72480}"
	ProjectSection(SolutionItems) = preProject
		global.json = global.json
	EndProjectSection
EndProject
Project("{8BB2217D-0F2D-49D1-97BC-3654ED321F3B}") = "EventService", "src\EventService\EventService.xproj", "{9935C48F-E4E5-4DDD-BFC3-338D98AA1F88}"
EndProject
Project("{FAE04EC0-301F-11D3-BF4B-00C04F79EFBC}") = "AuthNetCheckerService", "AuthNetCheckerService\AuthNetCheckerService.csproj", "{14EE3639-7B19-4B8F-84F2-8AFCE05C4A96}"
EndProject
Global
	GlobalSection(SolutionConfigurationPlatforms) = preSolution
		Debug|Any CPU = Debug|Any CPU
		Release|Any CPU = Release|Any CPU
	EndGlobalSection
	GlobalSection(ProjectConfigurationPlatforms) = postSolution
		{9935C48F-E4E5-4DDD-BFC3-338D98AA1F88}.Debug|Any CPU.ActiveCfg = Debug|Any CPU
		{9935C48F-E4E5-4DDD-BFC3-338D98AA1F88}.Debug|Any CPU.Build.0 = Debug|Any CPU
		{9935C48F-E4E5-4DDD-BFC3-338D98AA1F88}.Release|Any CPU.ActiveCfg = Release|Any CPU
		{9935C48F-E4E5-4DDD-BFC3-338D98AA1F88}.Release|Any CPU.Build.0 = Release|Any CPU
		{14EE3639-7B19-4B8F-84F2-8AFCE05C4A96}.Debug|Any CPU.ActiveCfg = Debug|Any CPU
		{14EE3639-7B19-4B8F-84F2-8AFCE05C4A96}.Debug|Any CPU.Build.0 = Debug|Any CPU
		{14EE3639-7B19-4B8F-84F2-8AFCE05C4A96}.Release|Any CPU.ActiveCfg = Release|Any CPU
		{14EE3639-7B19-4B8F-84F2-8AFCE05C4A96}.Release|Any CPU.Build.0 = Release|Any CPU
	EndGlobalSection
	GlobalSection(SolutionProperties) = preSolution
		HideSolutionNode = FALSE
	EndGlobalSection
	GlobalSection(NestedProjects) = preSolution
		{9935C48F-E4E5-4DDD-BFC3-338D98AA1F88} = {F8753B20-8BDD-44EA-AFC3-D6CBD93DB670}
	EndGlobalSection
EndGlobal
